// !$*UTF8*$!
{
	archiveVersion = 1;
	classes = {
	};
	objectVersion = 50;
	objects = {

/* Begin PBXBuildFile section */
		12C02740254A5E9E00FEF138 /* Podfile in Resources */ = {isa = PBXBuildFile; fileRef = 12C0273F254A5E9E00FEF138 /* Podfile */; };
		12FA4402254678530060EF5D /* AppDelegate.swift in Sources */ = {isa = PBXBuildFile; fileRef = 12FA4401254678530060EF5D /* AppDelegate.swift */; };
		12FA4406254678530060EF5D /* ViewController.swift in Sources */ = {isa = PBXBuildFile; fileRef = 12FA4405254678530060EF5D /* ViewController.swift */; };
		12FA4409254678530060EF5D /* Main.storyboard in Resources */ = {isa = PBXBuildFile; fileRef = 12FA4407254678530060EF5D /* Main.storyboard */; };
		12FA440B254678550060EF5D /* Assets.xcassets in Resources */ = {isa = PBXBuildFile; fileRef = 12FA440A254678550060EF5D /* Assets.xcassets */; };
		12FA440E254678550060EF5D /* LaunchScreen.storyboard in Resources */ = {isa = PBXBuildFile; fileRef = 12FA440C254678550060EF5D /* LaunchScreen.storyboard */; };
		12FA44192546789E0060EF5D /* CoreMotion.framework in Frameworks */ = {isa = PBXBuildFile; fileRef = 12FA44182546789E0060EF5D /* CoreMotion.framework */; };
		12FA44212547B7E70060EF5D /* Vector3.swift in Sources */ = {isa = PBXBuildFile; fileRef = 12FA44202547B7E70060EF5D /* Vector3.swift */; };
		12FA44242547BCEF0060EF5D /* jump.m4a in Resources */ = {isa = PBXBuildFile; fileRef = 12FA44232547BCEF0060EF5D /* jump.m4a */; };
		9C9B05194E45E08FF4A5302D /* Pods_Luigi.framework in Frameworks */ = {isa = PBXBuildFile; fileRef = 02B2AF44EFB787ED4951C250 /* Pods_Luigi.framework */; };
/* End PBXBuildFile section */

/* Begin PBXFileReference section */
		02B2AF44EFB787ED4951C250 /* Pods_Luigi.framework */ = {isa = PBXFileReference; explicitFileType = wrapper.framework; includeInIndex = 0; path = Pods_Luigi.framework; sourceTree = BUILT_PRODUCTS_DIR; };
		04FAF40787607F08448812BF /* Pods-Luigi.release.xcconfig */ = {isa = PBXFileReference; includeInIndex = 1; lastKnownFileType = text.xcconfig; name = "Pods-Luigi.release.xcconfig"; path = "Target Support Files/Pods-Luigi/Pods-Luigi.release.xcconfig"; sourceTree = "<group>"; };
		12C0273F254A5E9E00FEF138 /* Podfile */ = {isa = PBXFileReference; fileEncoding = 4; lastKnownFileType = text; path = Podfile; sourceTree = SOURCE_ROOT; };
		12FA43FE254678530060EF5D /* Luigi.app */ = {isa = PBXFileReference; explicitFileType = wrapper.application; includeInIndex = 0; path = Luigi.app; sourceTree = BUILT_PRODUCTS_DIR; };
		12FA4401254678530060EF5D /* AppDelegate.swift */ = {isa = PBXFileReference; lastKnownFileType = sourcecode.swift; path = AppDelegate.swift; sourceTree = "<group>"; };
		12FA4405254678530060EF5D /* ViewController.swift */ = {isa = PBXFileReference; lastKnownFileType = sourcecode.swift; path = ViewController.swift; sourceTree = "<group>"; };
		12FA4408254678530060EF5D /* Base */ = {isa = PBXFileReference; lastKnownFileType = file.storyboard; name = Base; path = Base.lproj/Main.storyboard; sourceTree = "<group>"; };
		12FA440A254678550060EF5D /* Assets.xcassets */ = {isa = PBXFileReference; lastKnownFileType = folder.assetcatalog; path = Assets.xcassets; sourceTree = "<group>"; };
		12FA440D254678550060EF5D /* Base */ = {isa = PBXFileReference; lastKnownFileType = file.storyboard; name = Base; path = Base.lproj/LaunchScreen.storyboard; sourceTree = "<group>"; };
		12FA440F254678550060EF5D /* Info.plist */ = {isa = PBXFileReference; lastKnownFileType = text.plist.xml; path = Info.plist; sourceTree = "<group>"; };
		12FA44182546789E0060EF5D /* CoreMotion.framework */ = {isa = PBXFileReference; lastKnownFileType = wrapper.framework; name = CoreMotion.framework; path = System/Library/Frameworks/CoreMotion.framework; sourceTree = SDKROOT; };
		12FA44202547B7E70060EF5D /* Vector3.swift */ = {isa = PBXFileReference; lastKnownFileType = sourcecode.swift; path = Vector3.swift; sourceTree = "<group>"; };
		12FA44232547BCEF0060EF5D /* jump.m4a */ = {isa = PBXFileReference; lastKnownFileType = file; path = jump.m4a; sourceTree = "<group>"; };
		40643D4711B4C949264B9B3E /* Pods-Luigi.debug.xcconfig */ = {isa = PBXFileReference; includeInIndex = 1; lastKnownFileType = text.xcconfig; name = "Pods-Luigi.debug.xcconfig"; path = "Target Support Files/Pods-Luigi/Pods-Luigi.debug.xcconfig"; sourceTree = "<group>"; };
/* End PBXFileReference section */

/* Begin PBXFrameworksBuildPhase section */
		12FA43FB254678530060EF5D /* Frameworks */ = {
			isa = PBXFrameworksBuildPhase;
			buildActionMask = 2147483647;
			files = (
				12FA44192546789E0060EF5D /* CoreMotion.framework in Frameworks */,
				9C9B05194E45E08FF4A5302D /* Pods_Luigi.framework in Frameworks */,
			);
			runOnlyForDeploymentPostprocessing = 0;
		};
/* End PBXFrameworksBuildPhase section */

/* Begin PBXGroup section */
		12FA43F5254678530060EF5D = {
			isa = PBXGroup;
			children = (
				12FA4400254678530060EF5D /* Luigi */,
				12FA43FF254678530060EF5D /* Products */,
				12FA44172546789E0060EF5D /* Frameworks */,
				66974C359C0D2207EF7BD0F6 /* Pods */,
			);
			sourceTree = "<group>";
		};
		12FA43FF254678530060EF5D /* Products */ = {
			isa = PBXGroup;
			children = (
				12FA43FE254678530060EF5D /* Luigi.app */,
			);
			name = Products;
			sourceTree = "<group>";
		};
		12FA4400254678530060EF5D /* Luigi */ = {
			isa = PBXGroup;
			children = (
				12C0273F254A5E9E00FEF138 /* Podfile */,
				12FA44232547BCEF0060EF5D /* jump.m4a */,
				12FA4401254678530060EF5D /* AppDelegate.swift */,
				12FA4405254678530060EF5D /* ViewController.swift */,
				12FA4407254678530060EF5D /* Main.storyboard */,
				12FA440A254678550060EF5D /* Assets.xcassets */,
				12FA440C254678550060EF5D /* LaunchScreen.storyboard */,
				12FA440F254678550060EF5D /* Info.plist */,
				12FA44202547B7E70060EF5D /* Vector3.swift */,
			);
			path = Luigi;
			sourceTree = "<group>";
		};
		12FA44172546789E0060EF5D /* Frameworks */ = {
			isa = PBXGroup;
			children = (
				12FA44182546789E0060EF5D /* CoreMotion.framework */,
				02B2AF44EFB787ED4951C250 /* Pods_Luigi.framework */,
			);
			name = Frameworks;
			sourceTree = "<group>";
		};
		66974C359C0D2207EF7BD0F6 /* Pods */ = {
			isa = PBXGroup;
			children = (
				40643D4711B4C949264B9B3E /* Pods-Luigi.debug.xcconfig */,
				04FAF40787607F08448812BF /* Pods-Luigi.release.xcconfig */,
			);
			path = Pods;
			sourceTree = "<group>";
		};
/* End PBXGroup section */

/* Begin PBXNativeTarget section */
		12FA43FD254678530060EF5D /* Luigi */ = {
			isa = PBXNativeTarget;
			buildConfigurationList = 12FA4412254678550060EF5D /* Build configuration list for PBXNativeTarget "Luigi" */;
			buildPhases = (
				9D1A87761249B4AFED6E02A3 /* [CP] Check Pods Manifest.lock */,
				12FA43FA254678530060EF5D /* Sources */,
				12FA43FB254678530060EF5D /* Frameworks */,
				12FA43FC254678530060EF5D /* Resources */,
				ED428EA8D0FA5A73F641D1FA /* [CP] Copy Pods Resources */,
			);
			buildRules = (
			);
			dependencies = (
			);
			name = Luigi;
			productName = Luigi;
			productReference = 12FA43FE254678530060EF5D /* Luigi.app */;
			productType = "com.apple.product-type.application";
		};
/* End PBXNativeTarget section */

/* Begin PBXProject section */
		12FA43F6254678530060EF5D /* Project object */ = {
			isa = PBXProject;
			attributes = {
				LastSwiftUpdateCheck = 1220;
				LastUpgradeCheck = 1220;
				TargetAttributes = {
					12FA43FD254678530060EF5D = {
						CreatedOnToolsVersion = 12.2;
					};
				};
			};
			buildConfigurationList = 12FA43F9254678530060EF5D /* Build configuration list for PBXProject "Luigi" */;
			compatibilityVersion = "Xcode 9.3";
			developmentRegion = en;
			hasScannedForEncodings = 0;
			knownRegions = (
				en,
				Base,
			);
			mainGroup = 12FA43F5254678530060EF5D;
			productRefGroup = 12FA43FF254678530060EF5D /* Products */;
			projectDirPath = "";
			projectRoot = "";
			targets = (
				12FA43FD254678530060EF5D /* Luigi */,
			);
		};
/* End PBXProject section */

/* Begin PBXResourcesBuildPhase section */
		12FA43FC254678530060EF5D /* Resources */ = {
			isa = PBXResourcesBuildPhase;
			buildActionMask = 2147483647;
			files = (
				12C02740254A5E9E00FEF138 /* Podfile in Resources */,
				12FA44242547BCEF0060EF5D /* jump.m4a in Resources */,
				12FA440E254678550060EF5D /* LaunchScreen.storyboard in Resources */,
				12FA440B254678550060EF5D /* Assets.xcassets in Resources */,
				12FA4409254678530060EF5D /* Main.storyboard in Resources */,
			);
			runOnlyForDeploymentPostprocessing = 0;
		};
/* End PBXResourcesBuildPhase section */

/* Begin PBXShellScriptBuildPhase section */
		9D1A87761249B4AFED6E02A3 /* [CP] Check Pods Manifest.lock */ = {
			isa = PBXShellScriptBuildPhase;
			buildActionMask = 2147483647;
			files = (
			);
			inputFileListPaths = (
			);
			inputPaths = (
				"${PODS_PODFILE_DIR_PATH}/Podfile.lock",
				"${PODS_ROOT}/Manifest.lock",
			);
			name = "[CP] Check Pods Manifest.lock";
			outputFileListPaths = (
			);
			outputPaths = (
				"$(DERIVED_FILE_DIR)/Pods-Luigi-checkManifestLockResult.txt",
			);
			runOnlyForDeploymentPostprocessing = 0;
			shellPath = /bin/sh;
			shellScript = "diff \"${PODS_PODFILE_DIR_PATH}/Podfile.lock\" \"${PODS_ROOT}/Manifest.lock\" > /dev/null\nif [ $? != 0 ] ; then\n    # print error to STDERR\n    echo \"error: The sandbox is not in sync with the Podfile.lock. Run 'pod install' or update your CocoaPods installation.\" >&2\n    exit 1\nfi\n# This output is used by Xcode 'outputs' to avoid re-running this script phase.\necho \"SUCCESS\" > \"${SCRIPT_OUTPUT_FILE_0}\"\n";
			showEnvVarsInLog = 0;
		};
		ED428EA8D0FA5A73F641D1FA /* [CP] Copy Pods Resources */ = {
			isa = PBXShellScriptBuildPhase;
			buildActionMask = 2147483647;
			files = (
			);
			inputFileListPaths = (
				"${PODS_ROOT}/Target Support Files/Pods-Luigi/Pods-Luigi-resources-${CONFIGURATION}-input-files.xcfilelist",
			);
			name = "[CP] Copy Pods Resources";
			outputFileListPaths = (
				"${PODS_ROOT}/Target Support Files/Pods-Luigi/Pods-Luigi-resources-${CONFIGURATION}-output-files.xcfilelist",
			);
			runOnlyForDeploymentPostprocessing = 0;
			shellPath = /bin/sh;
			shellScript = "\"${PODS_ROOT}/Target Support Files/Pods-Luigi/Pods-Luigi-resources.sh\"\n";
			showEnvVarsInLog = 0;
		};
/* End PBXShellScriptBuildPhase section */

/* Begin PBXSourcesBuildPhase section */
		12FA43FA254678530060EF5D /* Sources */ = {
			isa = PBXSourcesBuildPhase;
			buildActionMask = 2147483647;
			files = (
				12FA4406254678530060EF5D /* ViewController.swift in Sources */,
				12FA4402254678530060EF5D /* AppDelegate.swift in Sources */,
				12FA44212547B7E70060EF5D /* Vector3.swift in Sources */,
			);
			runOnlyForDeploymentPostprocessing = 0;
		};
/* End PBXSourcesBuildPhase section */

/* Begin PBXVariantGroup section */
		12FA4407254678530060EF5D /* Main.storyboard */ = {
			isa = PBXVariantGroup;
			children = (
				12FA4408254678530060EF5D /* Base */,
			);
			name = Main.storyboard;
			sourceTree = "<group>";
		};
		12FA440C254678550060EF5D /* LaunchScreen.storyboard */ = {
			isa = PBXVariantGroup;
			children = (
				12FA440D254678550060EF5D /* Base */,
			);
			name = LaunchScreen.storyboard;
			sourceTree = "<group>";
		};
/* End PBXVariantGroup section */

/* Begin XCBuildConfiguration section */
		12FA4410254678550060EF5D /* Debug */ = {
			isa = XCBuildConfiguration;
			buildSettings = {
				ALWAYS_SEARCH_USER_PATHS = NO;
				CLANG_ANALYZER_NONNULL = YES;
				CLANG_ANALYZER_NUMBER_OBJECT_CONVERSION = YES_AGGRESSIVE;
				CLANG_CXX_LANGUAGE_STANDARD = "gnu++14";
				CLANG_CXX_LIBRARY = "libc++";
				CLANG_ENABLE_MODULES = YES;
				CLANG_ENABLE_OBJC_ARC = YES;
				CLANG_ENABLE_OBJC_WEAK = YES;
				CLANG_WARN_BLOCK_CAPTURE_AUTORELEASING = YES;
				CLANG_WARN_BOOL_CONVERSION = YES;
				CLANG_WARN_COMMA = YES;
				CLANG_WARN_CONSTANT_CONVERSION = YES;
				CLANG_WARN_DEPRECATED_OBJC_IMPLEMENTATIONS = YES;
				CLANG_WARN_DIRECT_OBJC_ISA_USAGE = YES_ERROR;
				CLANG_WARN_DOCUMENTATION_COMMENTS = YES;
				CLANG_WARN_EMPTY_BODY = YES;
				CLANG_WARN_ENUM_CONVERSION = YES;
				CLANG_WARN_INFINITE_RECURSION = YES;
				CLANG_WARN_INT_CONVERSION = YES;
				CLANG_WARN_NON_LITERAL_NULL_CONVERSION = YES;
				CLANG_WARN_OBJC_IMPLICIT_RETAIN_SELF = YES;
				CLANG_WARN_OBJC_LITERAL_CONVERSION = YES;
				CLANG_WARN_OBJC_ROOT_CLASS = YES_ERROR;
				CLANG_WARN_QUOTED_INCLUDE_IN_FRAMEWORK_HEADER = YES;
				CLANG_WARN_RANGE_LOOP_ANALYSIS = YES;
				CLANG_WARN_STRICT_PROTOTYPES = YES;
				CLANG_WARN_SUSPICIOUS_MOVE = YES;
				CLANG_WARN_UNGUARDED_AVAILABILITY = YES_AGGRESSIVE;
				CLANG_WARN_UNREACHABLE_CODE = YES;
				CLANG_WARN__DUPLICATE_METHOD_MATCH = YES;
				COPY_PHASE_STRIP = NO;
				DEBUG_INFORMATION_FORMAT = dwarf;
				ENABLE_STRICT_OBJC_MSGSEND = YES;
				ENABLE_TESTABILITY = YES;
				GCC_C_LANGUAGE_STANDARD = gnu11;
				GCC_DYNAMIC_NO_PIC = NO;
				GCC_NO_COMMON_BLOCKS = YES;
				GCC_OPTIMIZATION_LEVEL = 0;
				GCC_PREPROCESSOR_DEFINITIONS = (
					"DEBUG=1",
					"$(inherited)",
				);
				GCC_WARN_64_TO_32_BIT_CONVERSION = YES;
				GCC_WARN_ABOUT_RETURN_TYPE = YES_ERROR;
				GCC_WARN_UNDECLARED_SELECTOR = YES;
				GCC_WARN_UNINITIALIZED_AUTOS = YES_AGGRESSIVE;
				GCC_WARN_UNUSED_FUNCTION = YES;
				GCC_WARN_UNUSED_VARIABLE = YES;
				IPHONEOS_DEPLOYMENT_TARGET = 12.0;
				MTL_ENABLE_DEBUG_INFO = INCLUDE_SOURCE;
				MTL_FAST_MATH = YES;
				ONLY_ACTIVE_ARCH = YES;
				SDKROOT = iphoneos;
				SWIFT_ACTIVE_COMPILATION_CONDITIONS = DEBUG;
				SWIFT_OPTIMIZATION_LEVEL = "-Onone";
			};
			name = Debug;
		};
		12FA4411254678550060EF5D /* Release */ = {
			isa = XCBuildConfiguration;
			buildSettings = {
				ALWAYS_SEARCH_USER_PATHS = NO;
				CLANG_ANALYZER_NONNULL = YES;
				CLANG_ANALYZER_NUMBER_OBJECT_CONVERSION = YES_AGGRESSIVE;
				CLANG_CXX_LANGUAGE_STANDARD = "gnu++14";
				CLANG_CXX_LIBRARY = "libc++";
				CLANG_ENABLE_MODULES = YES;
				CLANG_ENABLE_OBJC_ARC = YES;
				CLANG_ENABLE_OBJC_WEAK = YES;
				CLANG_WARN_BLOCK_CAPTURE_AUTORELEASING = YES;
				CLANG_WARN_BOOL_CONVERSION = YES;
				CLANG_WARN_COMMA = YES;
				CLANG_WARN_CONSTANT_CONVERSION = YES;
				CLANG_WARN_DEPRECATED_OBJC_IMPLEMENTATIONS = YES;
				CLANG_WARN_DIRECT_OBJC_ISA_USAGE = YES_ERROR;
				CLANG_WARN_DOCUMENTATION_COMMENTS = YES;
				CLANG_WARN_EMPTY_BODY = YES;
				CLANG_WARN_ENUM_CONVERSION = YES;
				CLANG_WARN_INFINITE_RECURSION = YES;
				CLANG_WARN_INT_CONVERSION = YES;
				CLANG_WARN_NON_LITERAL_NULL_CONVERSION = YES;
				CLANG_WARN_OBJC_IMPLICIT_RETAIN_SELF = YES;
				CLANG_WARN_OBJC_LITERAL_CONVERSION = YES;
				CLANG_WARN_OBJC_ROOT_CLASS = YES_ERROR;
				CLANG_WARN_QUOTED_INCLUDE_IN_FRAMEWORK_HEADER = YES;
				CLANG_WARN_RANGE_LOOP_ANALYSIS = YES;
				CLANG_WARN_STRICT_PROTOTYPES = YES;
				CLANG_WARN_SUSPICIOUS_MOVE = YES;
				CLANG_WARN_UNGUARDED_AVAILABILITY = YES_AGGRESSIVE;
				CLANG_WARN_UNREACHABLE_CODE = YES;
				CLANG_WARN__DUPLICATE_METHOD_MATCH = YES;
				COPY_PHASE_STRIP = NO;
				DEBUG_INFORMATION_FORMAT = "dwarf-with-dsym";
				ENABLE_NS_ASSERTIONS = NO;
				ENABLE_STRICT_OBJC_MSGSEND = YES;
				GCC_C_LANGUAGE_STANDARD = gnu11;
				GCC_NO_COMMON_BLOCKS = YES;
				GCC_WARN_64_TO_32_BIT_CONVERSION = YES;
				GCC_WARN_ABOUT_RETURN_TYPE = YES_ERROR;
				GCC_WARN_UNDECLARED_SELECTOR = YES;
				GCC_WARN_UNINITIALIZED_AUTOS = YES_AGGRESSIVE;
				GCC_WARN_UNUSED_FUNCTION = YES;
				GCC_WARN_UNUSED_VARIABLE = YES;
				IPHONEOS_DEPLOYMENT_TARGET = 12.0;
				MTL_ENABLE_DEBUG_INFO = NO;
				MTL_FAST_MATH = YES;
				SDKROOT = iphoneos;
				SWIFT_COMPILATION_MODE = wholemodule;
				SWIFT_OPTIMIZATION_LEVEL = "-O";
				VALIDATE_PRODUCT = YES;
			};
			name = Release;
		};
		12FA4413254678550060EF5D /* Debug */ = {
			isa = XCBuildConfiguration;
			baseConfigurationReference = 40643D4711B4C949264B9B3E /* Pods-Luigi.debug.xcconfig */;
			buildSettings = {
				ASSETCATALOG_COMPILER_APPICON_NAME = AppIcon;
				ASSETCATALOG_COMPILER_GLOBAL_ACCENT_COLOR_NAME = AccentColor;
				CODE_SIGN_STYLE = Automatic;
				DEVELOPMENT_TEAM = 768Z86F8ET;
				INFOPLIST_FILE = Luigi/Info.plist;
				IPHONEOS_DEPLOYMENT_TARGET = 12.0;
				LD_RUNPATH_SEARCH_PATHS = (
					"$(inherited)",
					"@executable_path/Frameworks",
				);
				PRODUCT_BUNDLE_IDENTIFIER = com.allstarapps.luigijump;
				PRODUCT_NAME = "$(TARGET_NAME)";
				SWIFT_VERSION = 5.0;
				TARGETED_DEVICE_FAMILY = 1;
			};
			name = Debug;
		};
		12FA4414254678550060EF5D /* Release */ = {
			isa = XCBuildConfiguration;
			baseConfigurationReference = 04FAF40787607F08448812BF /* Pods-Luigi.release.xcconfig */;
			buildSettings = {
				ASSETCATALOG_COMPILER_APPICON_NAME = AppIcon;
				ASSETCATALOG_COMPILER_GLOBAL_ACCENT_COLOR_NAME = AccentColor;
				CODE_SIGN_STYLE = Automatic;
				DEVELOPMENT_TEAM = 768Z86F8ET;
				INFOPLIST_FILE = Luigi/Info.plist;
				IPHONEOS_DEPLOYMENT_TARGET = 12.0;
				LD_RUNPATH_SEARCH_PATHS = (
					"$(inherited)",
					"@executable_path/Frameworks",
				);
				PRODUCT_BUNDLE_IDENTIFIER = com.allstarapps.luigijump;
				PRODUCT_NAME = "$(TARGET_NAME)";
				SWIFT_VERSION = 5.0;
				TARGETED_DEVICE_FAMILY = 1;
			};
			name = Release;
		};
/* End XCBuildConfiguration section */

/* Begin XCConfigurationList section */
		12FA43F9254678530060EF5D /* Build configuration list for PBXProject "Luigi" */ = {
			isa = XCConfigurationList;
			buildConfigurations = (
				12FA4410254678550060EF5D /* Debug */,
				12FA4411254678550060EF5D /* Release */,
			);
			defaultConfigurationIsVisible = 0;
			defaultConfigurationName = Release;
		};
		12FA4412254678550060EF5D /* Build configuration list for PBXNativeTarget "Luigi" */ = {
			isa = XCConfigurationList;
			buildConfigurations = (
				12FA4413254678550060EF5D /* Debug */,
				12FA4414254678550060EF5D /* Release */,
			);
			defaultConfigurationIsVisible = 0;
			defaultConfigurationName = Release;
		};
/* End XCConfigurationList section */
	};
	rootObject = 12FA43F6254678530060EF5D /* Project object */;
}
